// !$*UTF8*$!
{
	archiveVersion = 1;
	classes = {
	};
	objectVersion = 50;
	objects = {

/* Begin PBXBuildFile section */
		17DB73F621ACCCC200DC91BD /* AppDelegate.swift in Sources */ = {isa = PBXBuildFile; fileRef = 17DB73F521ACCCC200DC91BD /* AppDelegate.swift */; };
		17DB73F821ACCCC200DC91BD /* ViewController.swift in Sources */ = {isa = PBXBuildFile; fileRef = 17DB73F721ACCCC200DC91BD /* ViewController.swift */; };
		17DB73FB21ACCCC200DC91BD /* Main.storyboard in Resources */ = {isa = PBXBuildFile; fileRef = 17DB73F921ACCCC200DC91BD /* Main.storyboard */; };
		17DB73FD21ACCCC400DC91BD /* Assets.xcassets in Resources */ = {isa = PBXBuildFile; fileRef = 17DB73FC21ACCCC400DC91BD /* Assets.xcassets */; };
		17DB740021ACCCC400DC91BD /* LaunchScreen.storyboard in Resources */ = {isa = PBXBuildFile; fileRef = 17DB73FE21ACCCC400DC91BD /* LaunchScreen.storyboard */; };
		17DB740821ACCD2900DC91BD /* AudioHelper.swift in Sources */ = {isa = PBXBuildFile; fileRef = 17DB740721ACCD2900DC91BD /* AudioHelper.swift */; };
/* End PBXBuildFile section */

/* Begin PBXFileReference section */
		17DB73F221ACCCC200DC91BD /* Lambda Player.app */ = {isa = PBXFileReference; explicitFileType = wrapper.application; includeInIndex = 0; path = "Lambda Player.app"; sourceTree = BUILT_PRODUCTS_DIR; };
		17DB73F521ACCCC200DC91BD /* AppDelegate.swift */ = {isa = PBXFileReference; lastKnownFileType = sourcecode.swift; path = AppDelegate.swift; sourceTree = "<group>"; };
		17DB73F721ACCCC200DC91BD /* ViewController.swift */ = {isa = PBXFileReference; lastKnownFileType = sourcecode.swift; path = ViewController.swift; sourceTree = "<group>"; };
		17DB73FA21ACCCC200DC91BD /* Base */ = {isa = PBXFileReference; lastKnownFileType = file.storyboard; name = Base; path = Base.lproj/Main.storyboard; sourceTree = "<group>"; };
		17DB73FC21ACCCC400DC91BD /* Assets.xcassets */ = {isa = PBXFileReference; lastKnownFileType = folder.assetcatalog; path = Assets.xcassets; sourceTree = "<group>"; };
		17DB73FF21ACCCC400DC91BD /* Base */ = {isa = PBXFileReference; lastKnownFileType = file.storyboard; name = Base; path = Base.lproj/LaunchScreen.storyboard; sourceTree = "<group>"; };
		17DB740121ACCCC400DC91BD /* Info.plist */ = {isa = PBXFileReference; lastKnownFileType = text.plist.xml; path = Info.plist; sourceTree = "<group>"; };
		17DB740721ACCD2900DC91BD /* AudioHelper.swift */ = {isa = PBXFileReference; lastKnownFileType = sourcecode.swift; path = AudioHelper.swift; sourceTree = "<group>"; };
/* End PBXFileReference section */

/* Begin PBXFrameworksBuildPhase section */
		17DB73EF21ACCCC200DC91BD /* Frameworks */ = {
			isa = PBXFrameworksBuildPhase;
			buildActionMask = 2147483647;
			files = (
			);
			runOnlyForDeploymentPostprocessing = 0;
		};
/* End PBXFrameworksBuildPhase section */

/* Begin PBXGroup section */
		17DB73E921ACCCC200DC91BD = {
			isa = PBXGroup;
			children = (
				17DB73F421ACCCC200DC91BD /* Lambda Player */,
				17DB73F321ACCCC200DC91BD /* Products */,
			);
			sourceTree = "<group>";
		};
		17DB73F321ACCCC200DC91BD /* Products */ = {
			isa = PBXGroup;
			children = (
				17DB73F221ACCCC200DC91BD /* Lambda Player.app */,
			);
			name = Products;
			sourceTree = "<group>";
		};
		17DB73F421ACCCC200DC91BD /* Lambda Player */ = {
			isa = PBXGroup;
			children = (
				17DB73F521ACCCC200DC91BD /* AppDelegate.swift */,
				17DB73F721ACCCC200DC91BD /* ViewController.swift */,
				17DB73F921ACCCC200DC91BD /* Main.storyboard */,
				17DB740721ACCD2900DC91BD /* AudioHelper.swift */,
				17DB73FC21ACCCC400DC91BD /* Assets.xcassets */,
				17DB73FE21ACCCC400DC91BD /* LaunchScreen.storyboard */,
				17DB740121ACCCC400DC91BD /* Info.plist */,
			);
			path = "Lambda Player";
			sourceTree = "<group>";
		};
/* End PBXGroup section */

/* Begin PBXNativeTarget section */
		17DB73F121ACCCC200DC91BD /* Lambda Player */ = {
			isa = PBXNativeTarget;
			buildConfigurationList = 17DB740421ACCCC400DC91BD /* Build configuration list for PBXNativeTarget "Lambda Player" */;
			buildPhases = (
				17DB73EE21ACCCC200DC91BD /* Sources */,
				17DB73EF21ACCCC200DC91BD /* Frameworks */,
				17DB73F021ACCCC200DC91BD /* Resources */,
			);
			buildRules = (
			);
			dependencies = (
			);
			name = "Lambda Player";
			productName = "Lambda Player";
			productReference = 17DB73F221ACCCC200DC91BD /* Lambda Player.app */;
			productType = "com.apple.product-type.application";
		};
/* End PBXNativeTarget section */

/* Begin PBXProject section */
		17DB73EA21ACCCC200DC91BD /* Project object */ = {
			isa = PBXProject;
			attributes = {
				LastSwiftUpdateCheck = 1010;
				LastUpgradeCheck = 1010;
				ORGANIZATIONNAME = Stuart;
				TargetAttributes = {
					17DB73F121ACCCC200DC91BD = {
						CreatedOnToolsVersion = 10.1;
					};
				};
			};
			buildConfigurationList = 17DB73ED21ACCCC200DC91BD /* Build configuration list for PBXProject "Lambda Player" */;
			compatibilityVersion = "Xcode 9.3";
			developmentRegion = en;
			hasScannedForEncodings = 0;
			knownRegions = (
				en,
				Base,
			);
			mainGroup = 17DB73E921ACCCC200DC91BD;
			productRefGroup = 17DB73F321ACCCC200DC91BD /* Products */;
			projectDirPath = "";
			projectRoot = "";
			targets = (
				17DB73F121ACCCC200DC91BD /* Lambda Player */,
			);
		};
/* End PBXProject section */

/* Begin PBXResourcesBuildPhase section */
		17DB73F021ACCCC200DC91BD /* Resources */ = {
			isa = PBXResourcesBuildPhase;
			buildActionMask = 2147483647;
			files = (
				17DB740021ACCCC400DC91BD /* LaunchScreen.storyboard in Resources */,
				17DB73FD21ACCCC400DC91BD /* Assets.xcassets in Resources */,
				17DB73FB21ACCCC200DC91BD /* Main.storyboard in Resources */,
			);
			runOnlyForDeploymentPostprocessing = 0;
		};
/* End PBXResourcesBuildPhase section */

/* Begin PBXSourcesBuildPhase section */
		17DB73EE21ACCCC200DC91BD /* Sources */ = {
			isa = PBXSourcesBuildPhase;
			buildActionMask = 2147483647;
			files = (
				17DB740821ACCD2900DC91BD /* AudioHelper.swift in Sources */,
				17DB73F821ACCCC200DC91BD /* ViewController.swift in Sources */,
				17DB73F621ACCCC200DC91BD /* AppDelegate.swift in Sources */,
			);
			runOnlyForDeploymentPostprocessing = 0;
		};
/* End PBXSourcesBuildPhase section */

/* Begin PBXVariantGroup section */
		17DB73F921ACCCC200DC91BD /* Main.storyboard */ = {
			isa = PBXVariantGroup;
			children = (
				17DB73FA21ACCCC200DC91BD /* Base */,
			);
			name = Main.storyboard;
			sourceTree = "<group>";
		};
		17DB73FE21ACCCC400DC91BD /* LaunchScreen.storyboard */ = {
			isa = PBXVariantGroup;
			children = (
				17DB73FF21ACCCC400DC91BD /* Base */,
			);
			name = LaunchScreen.storyboard;
			sourceTree = "<group>";
		};
/* End PBXVariantGroup section */

/* Begin XCBuildConfiguration section */
		17DB740221ACCCC400DC91BD /* Debug */ = {
			isa = XCBuildConfiguration;
			buildSettings = {
				ALWAYS_SEARCH_USER_PATHS = NO;
				CLANG_ANALYZER_NONNULL = YES;
				CLANG_ANALYZER_NUMBER_OBJECT_CONVERSION = YES_AGGRESSIVE;
				CLANG_CXX_LANGUAGE_STANDARD = "gnu++14";
				CLANG_CXX_LIBRARY = "libc++";
				CLANG_ENABLE_MODULES = YES;
				CLANG_ENABLE_OBJC_ARC = YES;
				CLANG_ENABLE_OBJC_WEAK = YES;
				CLANG_WARN_BLOCK_CAPTURE_AUTORELEASING = YES;
				CLANG_WARN_BOOL_CONVERSION = YES;
				CLANG_WARN_COMMA = YES;
				CLANG_WARN_CONSTANT_CONVERSION = YES;
				CLANG_WARN_DEPRECATED_OBJC_IMPLEMENTATIONS = YES;
				CLANG_WARN_DIRECT_OBJC_ISA_USAGE = YES_ERROR;
				CLANG_WARN_DOCUMENTATION_COMMENTS = YES;
				CLANG_WARN_EMPTY_BODY = YES;
				CLANG_WARN_ENUM_CONVERSION = YES;
				CLANG_WARN_INFINITE_RECURSION = YES;
				CLANG_WARN_INT_CONVERSION = YES;
				CLANG_WARN_NON_LITERAL_NULL_CONVERSION = YES;
				CLANG_WARN_OBJC_IMPLICIT_RETAIN_SELF = YES;
				CLANG_WARN_OBJC_LITERAL_CONVERSION = YES;
				CLANG_WARN_OBJC_ROOT_CLASS = YES_ERROR;
				CLANG_WARN_RANGE_LOOP_ANALYSIS = YES;
				CLANG_WARN_STRICT_PROTOTYPES = YES;
				CLANG_WARN_SUSPICIOUS_MOVE = YES;
				CLANG_WARN_UNGUARDED_AVAILABILITY = YES_AGGRESSIVE;
				CLANG_WARN_UNREACHABLE_CODE = YES;
				CLANG_WARN__DUPLICATE_METHOD_MATCH = YES;
				CODE_SIGN_IDENTITY = "iPhone Developer";
				COPY_PHASE_STRIP = NO;
				DEBUG_INFORMATION_FORMAT = dwarf;
				ENABLE_STRICT_OBJC_MSGSEND = YES;
				ENABLE_TESTABILITY = YES;
				GCC_C_LANGUAGE_STANDARD = gnu11;
				GCC_DYNAMIC_NO_PIC = NO;
				GCC_NO_COMMON_BLOCKS = YES;
				GCC_OPTIMIZATION_LEVEL = 0;
				GCC_PREPROCESSOR_DEFINITIONS = (
					"DEBUG=1",
					"$(inherited)",
				);
				GCC_WARN_64_TO_32_BIT_CONVERSION = YES;
				GCC_WARN_ABOUT_RETURN_TYPE = YES_ERROR;
				GCC_WARN_UNDECLARED_SELECTOR = YES;
				GCC_WARN_UNINITIALIZED_AUTOS = YES_AGGRESSIVE;
				GCC_WARN_UNUSED_FUNCTION = YES;
				GCC_WARN_UNUSED_VARIABLE = YES;
				IPHONEOS_DEPLOYMENT_TARGET = 12.1;
				MTL_ENABLE_DEBUG_INFO = INCLUDE_SOURCE;
				MTL_FAST_MATH = YES;
				ONLY_ACTIVE_ARCH = YES;
				SDKROOT = iphoneos;
				SWIFT_ACTIVE_COMPILATION_CONDITIONS = DEBUG;
				SWIFT_OPTIMIZATION_LEVEL = "-Onone";
			};
			name = Debug;
		};
		17DB740321ACCCC400DC91BD /* Release */ = {
			isa = XCBuildConfiguration;
			buildSettings = {
				ALWAYS_SEARCH_USER_PATHS = NO;
				CLANG_ANALYZER_NONNULL = YES;
				CLANG_ANALYZER_NUMBER_OBJECT_CONVERSION = YES_AGGRESSIVE;
				CLANG_CXX_LANGUAGE_STANDARD = "gnu++14";
				CLANG_CXX_LIBRARY = "libc++";
				CLANG_ENABLE_MODULES = YES;
				CLANG_ENABLE_OBJC_ARC = YES;
				CLANG_ENABLE_OBJC_WEAK = YES;
				CLANG_WARN_BLOCK_CAPTURE_AUTORELEASING = YES;
				CLANG_WARN_BOOL_CONVERSION = YES;
				CLANG_WARN_COMMA = YES;
				CLANG_WARN_CONSTANT_CONVERSION = YES;
				CLANG_WARN_DEPRECATED_OBJC_IMPLEMENTATIONS = YES;
				CLANG_WARN_DIRECT_OBJC_ISA_USAGE = YES_ERROR;
				CLANG_WARN_DOCUMENTATION_COMMENTS = YES;
				CLANG_WARN_EMPTY_BODY = YES;
				CLANG_WARN_ENUM_CONVERSION = YES;
				CLANG_WARN_INFINITE_RECURSION = YES;
				CLANG_WARN_INT_CONVERSION = YES;
				CLANG_WARN_NON_LITERAL_NULL_CONVERSION = YES;
				CLANG_WARN_OBJC_IMPLICIT_RETAIN_SELF = YES;
				CLANG_WARN_OBJC_LITERAL_CONVERSION = YES;
				CLANG_WARN_OBJC_ROOT_CLASS = YES_ERROR;
				CLANG_WARN_RANGE_LOOP_ANALYSIS = YES;
				CLANG_WARN_STRICT_PROTOTYPES = YES;
				CLANG_WARN_SUSPICIOUS_MOVE = YES;
				CLANG_WARN_UNGUARDED_AVAILABILITY = YES_AGGRESSIVE;
				CLANG_WARN_UNREACHABLE_CODE = YES;
				CLANG_WARN__DUPLICATE_METHOD_MATCH = YES;
				CODE_SIGN_IDENTITY = "iPhone Developer";
				COPY_PHASE_STRIP = NO;
				DEBUG_INFORMATION_FORMAT = "dwarf-with-dsym";
				ENABLE_NS_ASSERTIONS = NO;
				ENABLE_STRICT_OBJC_MSGSEND = YES;
				GCC_C_LANGUAGE_STANDARD = gnu11;
				GCC_NO_COMMON_BLOCKS = YES;
				GCC_WARN_64_TO_32_BIT_CONVERSION = YES;
				GCC_WARN_ABOUT_RETURN_TYPE = YES_ERROR;
				GCC_WARN_UNDECLARED_SELECTOR = YES;
				GCC_WARN_UNINITIALIZED_AUTOS = YES_AGGRESSIVE;
				GCC_WARN_UNUSED_FUNCTION = YES;
				GCC_WARN_UNUSED_VARIABLE = YES;
				IPHONEOS_DEPLOYMENT_TARGET = 12.1;
				MTL_ENABLE_DEBUG_INFO = NO;
				MTL_FAST_MATH = YES;
				SDKROOT = iphoneos;
				SWIFT_COMPILATION_MODE = wholemodule;
				SWIFT_OPTIMIZATION_LEVEL = "-O";
				VALIDATE_PRODUCT = YES;
			};
			name = Release;
		};
		17DB740521ACCCC400DC91BD /* Debug */ = {
			isa = XCBuildConfiguration;
			buildSettings = {
				ASSETCATALOG_COMPILER_APPICON_NAME = AppIcon;
				CODE_SIGN_STYLE = Automatic;
				INFOPLIST_FILE = "Lambda Player/Info.plist";
				LD_RUNPATH_SEARCH_PATHS = (
					"$(inherited)",
					"@executable_path/Frameworks",
				);
				PRODUCT_BUNDLE_IDENTIFIER = "com.stuart.Lambda-Player";
				PRODUCT_NAME = "$(TARGET_NAME)";
				SWIFT_VERSION = 4.2;
				TARGETED_DEVICE_FAMILY = "1,2";
			};
			name = Debug;
		};
		17DB740621ACCCC400DC91BD /* Release */ = {
			isa = XCBuildConfiguration;
			buildSettings = {
				ASSETCATALOG_COMPILER_APPICON_NAME = AppIcon;
				CODE_SIGN_STYLE = Automatic;
				INFOPLIST_FILE = "Lambda Player/Info.plist";
				LD_RUNPATH_SEARCH_PATHS = (
					"$(inherited)",
					"@executable_path/Frameworks",
				);
				PRODUCT_BUNDLE_IDENTIFIER = "com.stuart.Lambda-Player";
				PRODUCT_NAME = "$(TARGET_NAME)";
				SWIFT_VERSION = 4.2;
				TARGETED_DEVICE_FAMILY = "1,2";
			};
			name = Release;
		};
/* End XCBuildConfiguration section */

/* Begin XCConfigurationList section */
		17DB73ED21ACCCC200DC91BD /* Build configuration list for PBXProject "Lambda Player" */ = {
			isa = XCConfigurationList;
			buildConfigurations = (
				17DB740221ACCCC400DC91BD /* Debug */,
				17DB740321ACCCC400DC91BD /* Release */,
			);
			defaultConfigurationIsVisible = 0;
			defaultConfigurationName = Release;
		};
		17DB740421ACCCC400DC91BD /* Build configuration list for PBXNativeTarget "Lambda Player" */ = {
			isa = XCConfigurationList;
			buildConfigurations = (
				17DB740521ACCCC400DC91BD /* Debug */,
				17DB740621ACCCC400DC91BD /* Release */,
			);
			defaultConfigurationIsVisible = 0;
			defaultConfigurationName = Release;
		};
/* End XCConfigurationList section */
	};
	rootObject = 17DB73EA21ACCCC200DC91BD /* Project object */;
}
