// !$*UTF8*$!
{
	archiveVersion = 1;
	classes = {
	};
	objectVersion = 50;
	objects = {

/* Begin PBXBuildFile section */
		F86672AF219B86DD00E7A66B /* AppDelegate.swift in Sources */ = {isa = PBXBuildFile; fileRef = F86672AE219B86DD00E7A66B /* AppDelegate.swift */; };
		F86672B1219B86DD00E7A66B /* ViewController.swift in Sources */ = {isa = PBXBuildFile; fileRef = F86672B0219B86DD00E7A66B /* ViewController.swift */; };
		F86672B4219B86DD00E7A66B /* Main.storyboard in Resources */ = {isa = PBXBuildFile; fileRef = F86672B2219B86DD00E7A66B /* Main.storyboard */; };
		F86672B6219B86DF00E7A66B /* Assets.xcassets in Resources */ = {isa = PBXBuildFile; fileRef = F86672B5219B86DF00E7A66B /* Assets.xcassets */; };
		F86672B9219B86DF00E7A66B /* LaunchScreen.storyboard in Resources */ = {isa = PBXBuildFile; fileRef = F86672B7219B86DF00E7A66B /* LaunchScreen.storyboard */; };
		F86672C1219B877200E7A66B /* AudioHelper.swift in Sources */ = {isa = PBXBuildFile; fileRef = F86672C0219B877200E7A66B /* AudioHelper.swift */; };
/* End PBXBuildFile section */

/* Begin PBXFileReference section */
		F86672AB219B86DD00E7A66B /* Adaptive Audio Layout.app */ = {isa = PBXFileReference; explicitFileType = wrapper.application; includeInIndex = 0; path = "Adaptive Audio Layout.app"; sourceTree = BUILT_PRODUCTS_DIR; };
		F86672AE219B86DD00E7A66B /* AppDelegate.swift */ = {isa = PBXFileReference; lastKnownFileType = sourcecode.swift; path = AppDelegate.swift; sourceTree = "<group>"; };
		F86672B0219B86DD00E7A66B /* ViewController.swift */ = {isa = PBXFileReference; lastKnownFileType = sourcecode.swift; path = ViewController.swift; sourceTree = "<group>"; };
		F86672B3219B86DD00E7A66B /* Base */ = {isa = PBXFileReference; lastKnownFileType = file.storyboard; name = Base; path = Base.lproj/Main.storyboard; sourceTree = "<group>"; };
		F86672B5219B86DF00E7A66B /* Assets.xcassets */ = {isa = PBXFileReference; lastKnownFileType = folder.assetcatalog; path = Assets.xcassets; sourceTree = "<group>"; };
		F86672B8219B86DF00E7A66B /* Base */ = {isa = PBXFileReference; lastKnownFileType = file.storyboard; name = Base; path = Base.lproj/LaunchScreen.storyboard; sourceTree = "<group>"; };
		F86672BA219B86DF00E7A66B /* Info.plist */ = {isa = PBXFileReference; lastKnownFileType = text.plist.xml; path = Info.plist; sourceTree = "<group>"; };
		F86672C0219B877200E7A66B /* AudioHelper.swift */ = {isa = PBXFileReference; lastKnownFileType = sourcecode.swift; path = AudioHelper.swift; sourceTree = "<group>"; };
/* End PBXFileReference section */

/* Begin PBXFrameworksBuildPhase section */
		F86672A8219B86DD00E7A66B /* Frameworks */ = {
			isa = PBXFrameworksBuildPhase;
			buildActionMask = 2147483647;
			files = (
			);
			runOnlyForDeploymentPostprocessing = 0;
		};
/* End PBXFrameworksBuildPhase section */

/* Begin PBXGroup section */
		F86672A2219B86DD00E7A66B = {
			isa = PBXGroup;
			children = (
				F86672AD219B86DD00E7A66B /* Adaptive Audio Layout */,
				F86672AC219B86DD00E7A66B /* Products */,
			);
			sourceTree = "<group>";
		};
		F86672AC219B86DD00E7A66B /* Products */ = {
			isa = PBXGroup;
			children = (
				F86672AB219B86DD00E7A66B /* Adaptive Audio Layout.app */,
			);
			name = Products;
			sourceTree = "<group>";
		};
		F86672AD219B86DD00E7A66B /* Adaptive Audio Layout */ = {
			isa = PBXGroup;
			children = (
				F86672AE219B86DD00E7A66B /* AppDelegate.swift */,
				F86672B0219B86DD00E7A66B /* ViewController.swift */,
				F86672B2219B86DD00E7A66B /* Main.storyboard */,
				F86672C0219B877200E7A66B /* AudioHelper.swift */,
				F86672B5219B86DF00E7A66B /* Assets.xcassets */,
				F86672B7219B86DF00E7A66B /* LaunchScreen.storyboard */,
				F86672BA219B86DF00E7A66B /* Info.plist */,
			);
			path = "Adaptive Audio Layout";
			sourceTree = "<group>";
		};
/* End PBXGroup section */

/* Begin PBXNativeTarget section */
		F86672AA219B86DD00E7A66B /* Adaptive Audio Layout */ = {
			isa = PBXNativeTarget;
			buildConfigurationList = F86672BD219B86DF00E7A66B /* Build configuration list for PBXNativeTarget "Adaptive Audio Layout" */;
			buildPhases = (
				F86672A7219B86DD00E7A66B /* Sources */,
				F86672A8219B86DD00E7A66B /* Frameworks */,
				F86672A9219B86DD00E7A66B /* Resources */,
			);
			buildRules = (
			);
			dependencies = (
			);
			name = "Adaptive Audio Layout";
			productName = "Adaptive Audio Layout";
			productReference = F86672AB219B86DD00E7A66B /* Adaptive Audio Layout.app */;
			productType = "com.apple.product-type.application";
		};
/* End PBXNativeTarget section */

/* Begin PBXProject section */
		F86672A3219B86DD00E7A66B /* Project object */ = {
			isa = PBXProject;
			attributes = {
				LastSwiftUpdateCheck = 1010;
				LastUpgradeCheck = 1010;
				ORGANIZATIONNAME = "Jaspal Suri";
				TargetAttributes = {
					F86672AA219B86DD00E7A66B = {
						CreatedOnToolsVersion = 10.1;
					};
				};
			};
			buildConfigurationList = F86672A6219B86DD00E7A66B /* Build configuration list for PBXProject "Adaptive Audio Layout" */;
			compatibilityVersion = "Xcode 9.3";
			developmentRegion = en;
			hasScannedForEncodings = 0;
			knownRegions = (
				en,
				Base,
			);
			mainGroup = F86672A2219B86DD00E7A66B;
			productRefGroup = F86672AC219B86DD00E7A66B /* Products */;
			projectDirPath = "";
			projectRoot = "";
			targets = (
				F86672AA219B86DD00E7A66B /* Adaptive Audio Layout */,
			);
		};
/* End PBXProject section */

/* Begin PBXResourcesBuildPhase section */
		F86672A9219B86DD00E7A66B /* Resources */ = {
			isa = PBXResourcesBuildPhase;
			buildActionMask = 2147483647;
			files = (
				F86672B9219B86DF00E7A66B /* LaunchScreen.storyboard in Resources */,
				F86672B6219B86DF00E7A66B /* Assets.xcassets in Resources */,
				F86672B4219B86DD00E7A66B /* Main.storyboard in Resources */,
			);
			runOnlyForDeploymentPostprocessing = 0;
		};
/* End PBXResourcesBuildPhase section */

/* Begin PBXSourcesBuildPhase section */
		F86672A7219B86DD00E7A66B /* Sources */ = {
			isa = PBXSourcesBuildPhase;
			buildActionMask = 2147483647;
			files = (
				F86672C1219B877200E7A66B /* AudioHelper.swift in Sources */,
				F86672B1219B86DD00E7A66B /* ViewController.swift in Sources */,
				F86672AF219B86DD00E7A66B /* AppDelegate.swift in Sources */,
			);
			runOnlyForDeploymentPostprocessing = 0;
		};
/* End PBXSourcesBuildPhase section */

/* Begin PBXVariantGroup section */
		F86672B2219B86DD00E7A66B /* Main.storyboard */ = {
			isa = PBXVariantGroup;
			children = (
				F86672B3219B86DD00E7A66B /* Base */,
			);
			name = Main.storyboard;
			sourceTree = "<group>";
		};
		F86672B7219B86DF00E7A66B /* LaunchScreen.storyboard */ = {
			isa = PBXVariantGroup;
			children = (
				F86672B8219B86DF00E7A66B /* Base */,
			);
			name = LaunchScreen.storyboard;
			sourceTree = "<group>";
		};
/* End PBXVariantGroup section */

/* Begin XCBuildConfiguration section */
		F86672BB219B86DF00E7A66B /* Debug */ = {
			isa = XCBuildConfiguration;
			buildSettings = {
				ALWAYS_SEARCH_USER_PATHS = NO;
				CLANG_ANALYZER_NONNULL = YES;
				CLANG_ANALYZER_NUMBER_OBJECT_CONVERSION = YES_AGGRESSIVE;
				CLANG_CXX_LANGUAGE_STANDARD = "gnu++14";
				CLANG_CXX_LIBRARY = "libc++";
				CLANG_ENABLE_MODULES = YES;
				CLANG_ENABLE_OBJC_ARC = YES;
				CLANG_ENABLE_OBJC_WEAK = YES;
				CLANG_WARN_BLOCK_CAPTURE_AUTORELEASING = YES;
				CLANG_WARN_BOOL_CONVERSION = YES;
				CLANG_WARN_COMMA = YES;
				CLANG_WARN_CONSTANT_CONVERSION = YES;
				CLANG_WARN_DEPRECATED_OBJC_IMPLEMENTATIONS = YES;
				CLANG_WARN_DIRECT_OBJC_ISA_USAGE = YES_ERROR;
				CLANG_WARN_DOCUMENTATION_COMMENTS = YES;
				CLANG_WARN_EMPTY_BODY = YES;
				CLANG_WARN_ENUM_CONVERSION = YES;
				CLANG_WARN_INFINITE_RECURSION = YES;
				CLANG_WARN_INT_CONVERSION = YES;
				CLANG_WARN_NON_LITERAL_NULL_CONVERSION = YES;
				CLANG_WARN_OBJC_IMPLICIT_RETAIN_SELF = YES;
				CLANG_WARN_OBJC_LITERAL_CONVERSION = YES;
				CLANG_WARN_OBJC_ROOT_CLASS = YES_ERROR;
				CLANG_WARN_RANGE_LOOP_ANALYSIS = YES;
				CLANG_WARN_STRICT_PROTOTYPES = YES;
				CLANG_WARN_SUSPICIOUS_MOVE = YES;
				CLANG_WARN_UNGUARDED_AVAILABILITY = YES_AGGRESSIVE;
				CLANG_WARN_UNREACHABLE_CODE = YES;
				CLANG_WARN__DUPLICATE_METHOD_MATCH = YES;
				CODE_SIGN_IDENTITY = "iPhone Developer";
				COPY_PHASE_STRIP = NO;
				DEBUG_INFORMATION_FORMAT = dwarf;
				ENABLE_STRICT_OBJC_MSGSEND = YES;
				ENABLE_TESTABILITY = YES;
				GCC_C_LANGUAGE_STANDARD = gnu11;
				GCC_DYNAMIC_NO_PIC = NO;
				GCC_NO_COMMON_BLOCKS = YES;
				GCC_OPTIMIZATION_LEVEL = 0;
				GCC_PREPROCESSOR_DEFINITIONS = (
					"DEBUG=1",
					"$(inherited)",
				);
				GCC_WARN_64_TO_32_BIT_CONVERSION = YES;
				GCC_WARN_ABOUT_RETURN_TYPE = YES_ERROR;
				GCC_WARN_UNDECLARED_SELECTOR = YES;
				GCC_WARN_UNINITIALIZED_AUTOS = YES_AGGRESSIVE;
				GCC_WARN_UNUSED_FUNCTION = YES;
				GCC_WARN_UNUSED_VARIABLE = YES;
				IPHONEOS_DEPLOYMENT_TARGET = 12.1;
				MTL_ENABLE_DEBUG_INFO = INCLUDE_SOURCE;
				MTL_FAST_MATH = YES;
				ONLY_ACTIVE_ARCH = YES;
				SDKROOT = iphoneos;
				SWIFT_ACTIVE_COMPILATION_CONDITIONS = DEBUG;
				SWIFT_OPTIMIZATION_LEVEL = "-Onone";
			};
			name = Debug;
		};
		F86672BC219B86DF00E7A66B /* Release */ = {
			isa = XCBuildConfiguration;
			buildSettings = {
				ALWAYS_SEARCH_USER_PATHS = NO;
				CLANG_ANALYZER_NONNULL = YES;
				CLANG_ANALYZER_NUMBER_OBJECT_CONVERSION = YES_AGGRESSIVE;
				CLANG_CXX_LANGUAGE_STANDARD = "gnu++14";
				CLANG_CXX_LIBRARY = "libc++";
				CLANG_ENABLE_MODULES = YES;
				CLANG_ENABLE_OBJC_ARC = YES;
				CLANG_ENABLE_OBJC_WEAK = YES;
				CLANG_WARN_BLOCK_CAPTURE_AUTORELEASING = YES;
				CLANG_WARN_BOOL_CONVERSION = YES;
				CLANG_WARN_COMMA = YES;
				CLANG_WARN_CONSTANT_CONVERSION = YES;
				CLANG_WARN_DEPRECATED_OBJC_IMPLEMENTATIONS = YES;
				CLANG_WARN_DIRECT_OBJC_ISA_USAGE = YES_ERROR;
				CLANG_WARN_DOCUMENTATION_COMMENTS = YES;
				CLANG_WARN_EMPTY_BODY = YES;
				CLANG_WARN_ENUM_CONVERSION = YES;
				CLANG_WARN_INFINITE_RECURSION = YES;
				CLANG_WARN_INT_CONVERSION = YES;
				CLANG_WARN_NON_LITERAL_NULL_CONVERSION = YES;
				CLANG_WARN_OBJC_IMPLICIT_RETAIN_SELF = YES;
				CLANG_WARN_OBJC_LITERAL_CONVERSION = YES;
				CLANG_WARN_OBJC_ROOT_CLASS = YES_ERROR;
				CLANG_WARN_RANGE_LOOP_ANALYSIS = YES;
				CLANG_WARN_STRICT_PROTOTYPES = YES;
				CLANG_WARN_SUSPICIOUS_MOVE = YES;
				CLANG_WARN_UNGUARDED_AVAILABILITY = YES_AGGRESSIVE;
				CLANG_WARN_UNREACHABLE_CODE = YES;
				CLANG_WARN__DUPLICATE_METHOD_MATCH = YES;
				CODE_SIGN_IDENTITY = "iPhone Developer";
				COPY_PHASE_STRIP = NO;
				DEBUG_INFORMATION_FORMAT = "dwarf-with-dsym";
				ENABLE_NS_ASSERTIONS = NO;
				ENABLE_STRICT_OBJC_MSGSEND = YES;
				GCC_C_LANGUAGE_STANDARD = gnu11;
				GCC_NO_COMMON_BLOCKS = YES;
				GCC_WARN_64_TO_32_BIT_CONVERSION = YES;
				GCC_WARN_ABOUT_RETURN_TYPE = YES_ERROR;
				GCC_WARN_UNDECLARED_SELECTOR = YES;
				GCC_WARN_UNINITIALIZED_AUTOS = YES_AGGRESSIVE;
				GCC_WARN_UNUSED_FUNCTION = YES;
				GCC_WARN_UNUSED_VARIABLE = YES;
				IPHONEOS_DEPLOYMENT_TARGET = 12.1;
				MTL_ENABLE_DEBUG_INFO = NO;
				MTL_FAST_MATH = YES;
				SDKROOT = iphoneos;
				SWIFT_COMPILATION_MODE = wholemodule;
				SWIFT_OPTIMIZATION_LEVEL = "-O";
				VALIDATE_PRODUCT = YES;
			};
			name = Release;
		};
		F86672BE219B86DF00E7A66B /* Debug */ = {
			isa = XCBuildConfiguration;
			buildSettings = {
				ASSETCATALOG_COMPILER_APPICON_NAME = AppIcon;
				CODE_SIGN_STYLE = Automatic;
				DEVELOPMENT_TEAM = 6Y6994DAGM;
				INFOPLIST_FILE = "Adaptive Audio Layout/Info.plist";
				LD_RUNPATH_SEARCH_PATHS = (
					"$(inherited)",
					"@executable_path/Frameworks",
				);
				PRODUCT_BUNDLE_IDENTIFIER = "com.JaspalSuri.Adaptive-Audio-Layout";
				PRODUCT_NAME = "$(TARGET_NAME)";
				SWIFT_VERSION = 4.2;
				TARGETED_DEVICE_FAMILY = "1,2";
			};
			name = Debug;
		};
		F86672BF219B86DF00E7A66B /* Release */ = {
			isa = XCBuildConfiguration;
			buildSettings = {
				ASSETCATALOG_COMPILER_APPICON_NAME = AppIcon;
				CODE_SIGN_STYLE = Automatic;
				DEVELOPMENT_TEAM = 6Y6994DAGM;
				INFOPLIST_FILE = "Adaptive Audio Layout/Info.plist";
				LD_RUNPATH_SEARCH_PATHS = (
					"$(inherited)",
					"@executable_path/Frameworks",
				);
				PRODUCT_BUNDLE_IDENTIFIER = "com.JaspalSuri.Adaptive-Audio-Layout";
				PRODUCT_NAME = "$(TARGET_NAME)";
				SWIFT_VERSION = 4.2;
				TARGETED_DEVICE_FAMILY = "1,2";
			};
			name = Release;
		};
/* End XCBuildConfiguration section */

/* Begin XCConfigurationList section */
		F86672A6219B86DD00E7A66B /* Build configuration list for PBXProject "Adaptive Audio Layout" */ = {
			isa = XCConfigurationList;
			buildConfigurations = (
				F86672BB219B86DF00E7A66B /* Debug */,
				F86672BC219B86DF00E7A66B /* Release */,
			);
			defaultConfigurationIsVisible = 0;
			defaultConfigurationName = Release;
		};
		F86672BD219B86DF00E7A66B /* Build configuration list for PBXNativeTarget "Adaptive Audio Layout" */ = {
			isa = XCConfigurationList;
			buildConfigurations = (
				F86672BE219B86DF00E7A66B /* Debug */,
				F86672BF219B86DF00E7A66B /* Release */,
			);
			defaultConfigurationIsVisible = 0;
			defaultConfigurationName = Release;
		};
/* End XCConfigurationList section */
	};
	rootObject = F86672A3219B86DD00E7A66B /* Project object */;
}
